
Microsoft Visual Studio Solution File, Format Version 12.00
# Visual Studio Version 17
VisualStudioVersion = 17.13.35913.81 d17.13
MinimumVisualStudioVersion = 10.0.40219.1
Project("{FAE04EC0-301F-11D3-BF4B-00C04F79EFBC}") = "dragon database", "dragon database\dragon database.csproj", "{24ECFAE3-A602-47FA-9EC4-D861A54840E3}"
EndProject
Global
	GlobalSection(SolutionConfigurationPlatforms) = preSolution
		Debug|Any CPU = Debug|Any CPU
		Release|Any CPU = Release|Any CPU
	EndGlobalSection
	GlobalSection(ProjectConfigurationPlatforms) = postSolution
		{24ECFAE3-A602-47FA-9EC4-D861A54840E3}.Debug|Any CPU.ActiveCfg = Debug|Any CPU
		{24ECFAE3-A602-47FA-9EC4-D861A54840E3}.Debug|Any CPU.Build.0 = Debug|Any CPU
		{24ECFAE3-A602-47FA-9EC4-D861A54840E3}.Release|Any CPU.ActiveCfg = Release|Any CPU
		{24ECFAE3-A602-47FA-9EC4-D861A54840E3}.Release|Any CPU.Build.0 = Release|Any CPU
	EndGlobalSection
	GlobalSection(SolutionProperties) = preSolution
		HideSolutionNode = FALSE
	EndGlobalSection
	GlobalSection(ExtensibilityGlobals) = postSolution
		SolutionGuid = {C00D8DCB-4BB6-4F95-9AF8-DA3E1706ECA0}
	EndGlobalSection
EndGlobal
